
Microsoft Visual Studio Solution File, Format Version 12.00
# Visual Studio 15
VisualStudioVersion = 15.0.28307.102
MinimumVisualStudioVersion = 10.0.40219.1
Project("{FAE04EC0-301F-11D3-BF4B-00C04F79EFBC}") = "WebApplication3", "WebApplication3\WebApplication3.csproj", "{0986BE76-E893-4200-AFD8-D98D30E6F8DC}"
EndProject
Global
	GlobalSection(SolutionConfigurationPlatforms) = preSolution
		Debug|Any CPU = Debug|Any CPU
		Release|Any CPU = Release|Any CPU
	EndGlobalSection
	GlobalSection(ProjectConfigurationPlatforms) = postSolution
		{0986BE76-E893-4200-AFD8-D98D30E6F8DC}.Debug|Any CPU.ActiveCfg = Debug|Any CPU
		{0986BE76-E893-4200-AFD8-D98D30E6F8DC}.Debug|Any CPU.Build.0 = Debug|Any CPU
		{0986BE76-E893-4200-AFD8-D98D30E6F8DC}.Release|Any CPU.ActiveCfg = Release|Any CPU
		{0986BE76-E893-4200-AFD8-D98D30E6F8DC}.Release|Any CPU.Build.0 = Release|Any CPU
	EndGlobalSection
	GlobalSection(SolutionProperties) = preSolution
		HideSolutionNode = FALSE
	EndGlobalSection
	GlobalSection(ExtensibilityGlobals) = postSolution
		SolutionGuid = {BCAD7690-05B5-4B4B-9A56-5D5471081125}
	EndGlobalSection
EndGlobal
